
Microsoft Visual Studio Solution File, Format Version 12.00
# Visual Studio Version 17
VisualStudioVersion = 17.11.35327.3
MinimumVisualStudioVersion = 10.0.40219.1
Project("{FAE04EC0-301F-11D3-BF4B-00C04F79EFBC}") = "SrinivasOrm", "SrinivasOrm.csproj", "{734CEEF1-1597-4AA4-9362-16F9DF52E3EE}"
EndProject
Global
	GlobalSection(SolutionConfigurationPlatforms) = preSolution
		Debug|Any CPU = Debug|Any CPU
		Release|Any CPU = Release|Any CPU
	EndGlobalSection
	GlobalSection(ProjectConfigurationPlatforms) = postSolution
		{734CEEF1-1597-4AA4-9362-16F9DF52E3EE}.Debug|Any CPU.ActiveCfg = Debug|Any CPU
		{734CEEF1-1597-4AA4-9362-16F9DF52E3EE}.Debug|Any CPU.Build.0 = Debug|Any CPU
		{734CEEF1-1597-4AA4-9362-16F9DF52E3EE}.Release|Any CPU.ActiveCfg = Release|Any CPU
		{734CEEF1-1597-4AA4-9362-16F9DF52E3EE}.Release|Any CPU.Build.0 = Release|Any CPU
	EndGlobalSection
	GlobalSection(SolutionProperties) = preSolution
		HideSolutionNode = FALSE
	EndGlobalSection
	GlobalSection(ExtensibilityGlobals) = postSolution
		SolutionGuid = {A021C3A7-6123-4F0D-AFF2-3C72E6F094DE}
	EndGlobalSection
EndGlobal
